
Microsoft Visual Studio Solution File, Format Version 12.00
# Visual Studio 2013
VisualStudioVersion = 12.0.31101.0
MinimumVisualStudioVersion = 10.0.40219.1
Project("{FAE04EC0-301F-11D3-BF4B-00C04F79EFBC}") = "ShaunWebSiteProject", "ShaunWebSiteProject\ShaunWebSiteProject.csproj", "{50E66019-7E45-40D7-989C-D0F62475424D}"
EndProject
Project("{00D1A9C2-B5F0-4AF3-8072-F6C62B433612}") = "ShaunWebSiteDb", "ShaunWebSiteDb\ShaunWebSiteDb.sqlproj", "{4D438BED-949A-447A-870A-80520394B3DC}"
EndProject
Global
	GlobalSection(SolutionConfigurationPlatforms) = preSolution
		Debug|Any CPU = Debug|Any CPU
		Release|Any CPU = Release|Any CPU
	EndGlobalSection
	GlobalSection(ProjectConfigurationPlatforms) = postSolution
		{50E66019-7E45-40D7-989C-D0F62475424D}.Debug|Any CPU.ActiveCfg = Debug|Any CPU
		{50E66019-7E45-40D7-989C-D0F62475424D}.Debug|Any CPU.Build.0 = Debug|Any CPU
		{50E66019-7E45-40D7-989C-D0F62475424D}.Release|Any CPU.ActiveCfg = Release|Any CPU
		{50E66019-7E45-40D7-989C-D0F62475424D}.Release|Any CPU.Build.0 = Release|Any CPU
		{4D438BED-949A-447A-870A-80520394B3DC}.Debug|Any CPU.ActiveCfg = Debug|Any CPU
		{4D438BED-949A-447A-870A-80520394B3DC}.Debug|Any CPU.Build.0 = Debug|Any CPU
		{4D438BED-949A-447A-870A-80520394B3DC}.Debug|Any CPU.Deploy.0 = Debug|Any CPU
		{4D438BED-949A-447A-870A-80520394B3DC}.Release|Any CPU.ActiveCfg = Release|Any CPU
		{4D438BED-949A-447A-870A-80520394B3DC}.Release|Any CPU.Build.0 = Release|Any CPU
		{4D438BED-949A-447A-870A-80520394B3DC}.Release|Any CPU.Deploy.0 = Release|Any CPU
	EndGlobalSection
	GlobalSection(SolutionProperties) = preSolution
		HideSolutionNode = FALSE
	EndGlobalSection
EndGlobal
